// !$*UTF8*$!
{
	archiveVersion = 1;
	classes = {
	};
	objectVersion = 51;
	objects = {

/* Begin PBXBuildFile section */
		5FBDCCA224A260CC003C5FDA /* AppDelegate.swift in Sources */ = {isa = PBXBuildFile; fileRef = 5FBDCCA124A260CC003C5FDA /* AppDelegate.swift */; };
		5FBDCCA424A260CC003C5FDA /* SceneDelegate.swift in Sources */ = {isa = PBXBuildFile; fileRef = 5FBDCCA324A260CC003C5FDA /* SceneDelegate.swift */; };
		5FBDCCA624A260CC003C5FDA /* SplashVC.swift in Sources */ = {isa = PBXBuildFile; fileRef = 5FBDCCA524A260CC003C5FDA /* SplashVC.swift */; };
		5FBDCCA924A260CC003C5FDA /* Main.storyboard in Resources */ = {isa = PBXBuildFile; fileRef = 5FBDCCA724A260CC003C5FDA /* Main.storyboard */; };
		5FBDCCAC24A260CC003C5FDA /* MovieApp.xcdatamodeld in Sources */ = {isa = PBXBuildFile; fileRef = 5FBDCCAA24A260CC003C5FDA /* MovieApp.xcdatamodeld */; };
		5FBDCCAE24A260CE003C5FDA /* Assets.xcassets in Resources */ = {isa = PBXBuildFile; fileRef = 5FBDCCAD24A260CE003C5FDA /* Assets.xcassets */; };
		5FBDCCB124A260CE003C5FDA /* LaunchScreen.storyboard in Resources */ = {isa = PBXBuildFile; fileRef = 5FBDCCAF24A260CE003C5FDA /* LaunchScreen.storyboard */; };
		5FBDCCC224A347C5003C5FDA /* Reach.swift in Sources */ = {isa = PBXBuildFile; fileRef = 5FBDCCC124A347C5003C5FDA /* Reach.swift */; };
		5FBDCCC424A3481B003C5FDA /* NetworkManager.swift in Sources */ = {isa = PBXBuildFile; fileRef = 5FBDCCC324A3481B003C5FDA /* NetworkManager.swift */; };
		5FBDCCC624A350B8003C5FDA /* AppConstants.swift in Sources */ = {isa = PBXBuildFile; fileRef = 5FBDCCC524A350B8003C5FDA /* AppConstants.swift */; };
		5FBDCCC824A351AE003C5FDA /* SearchVC.swift in Sources */ = {isa = PBXBuildFile; fileRef = 5FBDCCC724A351AE003C5FDA /* SearchVC.swift */; };
		5FBDCCCA24A363B1003C5FDA /* ResponseModel.swift in Sources */ = {isa = PBXBuildFile; fileRef = 5FBDCCC924A363B1003C5FDA /* ResponseModel.swift */; };
		5FBDCCCD24A364BD003C5FDA /* Ratings.swift in Sources */ = {isa = PBXBuildFile; fileRef = 5FBDCCCC24A364BD003C5FDA /* Ratings.swift */; };
		5FBDCCCF24A36564003C5FDA /* RequestModel.swift in Sources */ = {isa = PBXBuildFile; fileRef = 5FBDCCCE24A36564003C5FDA /* RequestModel.swift */; };
		5FBDCCD124A36812003C5FDA /* HelperFunctions.swift in Sources */ = {isa = PBXBuildFile; fileRef = 5FBDCCD024A36812003C5FDA /* HelperFunctions.swift */; };
		5FBDCCD324A36913003C5FDA /* MovieDetailVM.swift in Sources */ = {isa = PBXBuildFile; fileRef = 5FBDCCD224A36913003C5FDA /* MovieDetailVM.swift */; };
		5FBDCCD524A36970003C5FDA /* ResponseVM.swift in Sources */ = {isa = PBXBuildFile; fileRef = 5FBDCCD424A36970003C5FDA /* ResponseVM.swift */; };
		5FBDCCD924A39E3B003C5FDA /* DetailVC.swift in Sources */ = {isa = PBXBuildFile; fileRef = 5FBDCCD824A39E3B003C5FDA /* DetailVC.swift */; };
		5FBDCCDB24A39F96003C5FDA /* CreateTableView.swift in Sources */ = {isa = PBXBuildFile; fileRef = 5FBDCCDA24A39F96003C5FDA /* CreateTableView.swift */; };
		5FBDCCDD24A3DC9D003C5FDA /* GoogleService-Info.plist in Resources */ = {isa = PBXBuildFile; fileRef = 5FBDCCDC24A3DC9C003C5FDA /* GoogleService-Info.plist */; };
		5FBDCCDF24A47C1C003C5FDA /* ActivityIndicatorHelper.swift in Sources */ = {isa = PBXBuildFile; fileRef = 5FBDCCDE24A47C1C003C5FDA /* ActivityIndicatorHelper.swift */; };
		5FBDCCE124A4A183003C5FDA /* pinsoft.png in Resources */ = {isa = PBXBuildFile; fileRef = 5FBDCCE024A4A183003C5FDA /* pinsoft.png */; };
		5FBDCCE324A4A532003C5FDA /* BackgroundGradient.swift in Sources */ = {isa = PBXBuildFile; fileRef = 5FBDCCE224A4A532003C5FDA /* BackgroundGradient.swift */; };
		DA327691C9CF780D324852B0 /* Pods_MovieApp.framework in Frameworks */ = {isa = PBXBuildFile; fileRef = EDB2B27F5B91F134D752F714 /* Pods_MovieApp.framework */; };
/* End PBXBuildFile section */

/* Begin PBXFileReference section */
		5FBDCC9E24A260CC003C5FDA /* MovieApp.app */ = {isa = PBXFileReference; explicitFileType = wrapper.application; includeInIndex = 0; path = MovieApp.app; sourceTree = BUILT_PRODUCTS_DIR; };
		5FBDCCA124A260CC003C5FDA /* AppDelegate.swift */ = {isa = PBXFileReference; lastKnownFileType = sourcecode.swift; path = AppDelegate.swift; sourceTree = "<group>"; };
		5FBDCCA324A260CC003C5FDA /* SceneDelegate.swift */ = {isa = PBXFileReference; lastKnownFileType = sourcecode.swift; path = SceneDelegate.swift; sourceTree = "<group>"; };
		5FBDCCA524A260CC003C5FDA /* SplashVC.swift */ = {isa = PBXFileReference; lastKnownFileType = sourcecode.swift; path = SplashVC.swift; sourceTree = "<group>"; };
		5FBDCCA824A260CC003C5FDA /* Base */ = {isa = PBXFileReference; lastKnownFileType = file.storyboard; name = Base; path = Base.lproj/Main.storyboard; sourceTree = "<group>"; };
		5FBDCCAB24A260CC003C5FDA /* MovieApp.xcdatamodel */ = {isa = PBXFileReference; lastKnownFileType = wrapper.xcdatamodel; path = MovieApp.xcdatamodel; sourceTree = "<group>"; };
		5FBDCCAD24A260CE003C5FDA /* Assets.xcassets */ = {isa = PBXFileReference; lastKnownFileType = folder.assetcatalog; path = Assets.xcassets; sourceTree = "<group>"; };
		5FBDCCB024A260CE003C5FDA /* Base */ = {isa = PBXFileReference; lastKnownFileType = file.storyboard; name = Base; path = Base.lproj/LaunchScreen.storyboard; sourceTree = "<group>"; };
		5FBDCCB224A260CE003C5FDA /* Info.plist */ = {isa = PBXFileReference; lastKnownFileType = text.plist.xml; path = Info.plist; sourceTree = "<group>"; };
		5FBDCCC124A347C5003C5FDA /* Reach.swift */ = {isa = PBXFileReference; lastKnownFileType = sourcecode.swift; path = Reach.swift; sourceTree = "<group>"; };
		5FBDCCC324A3481B003C5FDA /* NetworkManager.swift */ = {isa = PBXFileReference; lastKnownFileType = sourcecode.swift; path = NetworkManager.swift; sourceTree = "<group>"; };
		5FBDCCC524A350B8003C5FDA /* AppConstants.swift */ = {isa = PBXFileReference; lastKnownFileType = sourcecode.swift; path = AppConstants.swift; sourceTree = "<group>"; };
		5FBDCCC724A351AE003C5FDA /* SearchVC.swift */ = {isa = PBXFileReference; lastKnownFileType = sourcecode.swift; path = SearchVC.swift; sourceTree = "<group>"; };
		5FBDCCC924A363B1003C5FDA /* ResponseModel.swift */ = {isa = PBXFileReference; lastKnownFileType = sourcecode.swift; path = ResponseModel.swift; sourceTree = "<group>"; };
		5FBDCCCC24A364BD003C5FDA /* Ratings.swift */ = {isa = PBXFileReference; lastKnownFileType = sourcecode.swift; path = Ratings.swift; sourceTree = "<group>"; };
		5FBDCCCE24A36564003C5FDA /* RequestModel.swift */ = {isa = PBXFileReference; lastKnownFileType = sourcecode.swift; path = RequestModel.swift; sourceTree = "<group>"; };
		5FBDCCD024A36812003C5FDA /* HelperFunctions.swift */ = {isa = PBXFileReference; lastKnownFileType = sourcecode.swift; path = HelperFunctions.swift; sourceTree = "<group>"; };
		5FBDCCD224A36913003C5FDA /* MovieDetailVM.swift */ = {isa = PBXFileReference; lastKnownFileType = sourcecode.swift; path = MovieDetailVM.swift; sourceTree = "<group>"; };
		5FBDCCD424A36970003C5FDA /* ResponseVM.swift */ = {isa = PBXFileReference; lastKnownFileType = sourcecode.swift; path = ResponseVM.swift; sourceTree = "<group>"; };
		5FBDCCD824A39E3B003C5FDA /* DetailVC.swift */ = {isa = PBXFileReference; lastKnownFileType = sourcecode.swift; path = DetailVC.swift; sourceTree = "<group>"; };
		5FBDCCDA24A39F96003C5FDA /* CreateTableView.swift */ = {isa = PBXFileReference; lastKnownFileType = sourcecode.swift; path = CreateTableView.swift; sourceTree = "<group>"; };
		5FBDCCDC24A3DC9C003C5FDA /* GoogleService-Info.plist */ = {isa = PBXFileReference; fileEncoding = 4; lastKnownFileType = text.plist.xml; path = "GoogleService-Info.plist"; sourceTree = "<group>"; };
		5FBDCCDE24A47C1C003C5FDA /* ActivityIndicatorHelper.swift */ = {isa = PBXFileReference; lastKnownFileType = sourcecode.swift; path = ActivityIndicatorHelper.swift; sourceTree = "<group>"; };
		5FBDCCE024A4A183003C5FDA /* pinsoft.png */ = {isa = PBXFileReference; lastKnownFileType = image.png; path = pinsoft.png; sourceTree = "<group>"; };
		5FBDCCE224A4A532003C5FDA /* BackgroundGradient.swift */ = {isa = PBXFileReference; lastKnownFileType = sourcecode.swift; path = BackgroundGradient.swift; sourceTree = "<group>"; };
		60A434DB96FB0243ED54CFC1 /* Pods-MovieApp.release.xcconfig */ = {isa = PBXFileReference; includeInIndex = 1; lastKnownFileType = text.xcconfig; name = "Pods-MovieApp.release.xcconfig"; path = "Target Support Files/Pods-MovieApp/Pods-MovieApp.release.xcconfig"; sourceTree = "<group>"; };
		E701925C450D163FC345D7CC /* Pods-MovieApp.debug.xcconfig */ = {isa = PBXFileReference; includeInIndex = 1; lastKnownFileType = text.xcconfig; name = "Pods-MovieApp.debug.xcconfig"; path = "Target Support Files/Pods-MovieApp/Pods-MovieApp.debug.xcconfig"; sourceTree = "<group>"; };
		EDB2B27F5B91F134D752F714 /* Pods_MovieApp.framework */ = {isa = PBXFileReference; explicitFileType = wrapper.framework; includeInIndex = 0; path = Pods_MovieApp.framework; sourceTree = BUILT_PRODUCTS_DIR; };
/* End PBXFileReference section */

/* Begin PBXFrameworksBuildPhase section */
		5FBDCC9B24A260CC003C5FDA /* Frameworks */ = {
			isa = PBXFrameworksBuildPhase;
			buildActionMask = 2147483647;
			files = (
				DA327691C9CF780D324852B0 /* Pods_MovieApp.framework in Frameworks */,
			);
			runOnlyForDeploymentPostprocessing = 0;
		};
/* End PBXFrameworksBuildPhase section */

/* Begin PBXGroup section */
		001136B79FFB542CBA96C1A1 /* Frameworks */ = {
			isa = PBXGroup;
			children = (
				EDB2B27F5B91F134D752F714 /* Pods_MovieApp.framework */,
			);
			name = Frameworks;
			sourceTree = "<group>";
		};
		18E895FFAD531997B6F19CF2 /* Pods */ = {
			isa = PBXGroup;
			children = (
				E701925C450D163FC345D7CC /* Pods-MovieApp.debug.xcconfig */,
				60A434DB96FB0243ED54CFC1 /* Pods-MovieApp.release.xcconfig */,
			);
			path = Pods;
			sourceTree = "<group>";
		};
		5FBDCC9524A260CC003C5FDA = {
			isa = PBXGroup;
			children = (
				5FBDCCA024A260CC003C5FDA /* MovieApp */,
				5FBDCC9F24A260CC003C5FDA /* Products */,
				18E895FFAD531997B6F19CF2 /* Pods */,
				001136B79FFB542CBA96C1A1 /* Frameworks */,
			);
			sourceTree = "<group>";
		};
		5FBDCC9F24A260CC003C5FDA /* Products */ = {
			isa = PBXGroup;
			children = (
				5FBDCC9E24A260CC003C5FDA /* MovieApp.app */,
			);
			name = Products;
			sourceTree = "<group>";
		};
		5FBDCCA024A260CC003C5FDA /* MovieApp */ = {
			isa = PBXGroup;
			children = (
				5FBDCCAD24A260CE003C5FDA /* Assets.xcassets */,
				5FBDCCE024A4A183003C5FDA /* pinsoft.png */,
				5FBDCCBA24A3447C003C5FDA /* Common */,
				5FBDCCBB24A344AF003C5FDA /* Controller */,
				5FBDCCBC24A344BA003C5FDA /* View */,
				5FBDCCBD24A344CA003C5FDA /* ViewModel */,
				5FBDCCBE24A344DA003C5FDA /* Model */,
				5FBDCCBF24A344DF003C5FDA /* Service */,
				5FBDCCAF24A260CE003C5FDA /* LaunchScreen.storyboard */,
				5FBDCCC024A344E5003C5FDA /* Utility */,
				5FBDCCB224A260CE003C5FDA /* Info.plist */,
				5FBDCCDC24A3DC9C003C5FDA /* GoogleService-Info.plist */,
				5FBDCCAA24A260CC003C5FDA /* MovieApp.xcdatamodeld */,
			);
			path = MovieApp;
			sourceTree = "<group>";
		};
		5FBDCCBA24A3447C003C5FDA /* Common */ = {
			isa = PBXGroup;
			children = (
				5FBDCCA124A260CC003C5FDA /* AppDelegate.swift */,
				5FBDCCA324A260CC003C5FDA /* SceneDelegate.swift */,
				5FBDCCC524A350B8003C5FDA /* AppConstants.swift */,
				5FBDCCA724A260CC003C5FDA /* Main.storyboard */,
			);
			path = Common;
			sourceTree = "<group>";
		};
		5FBDCCBB24A344AF003C5FDA /* Controller */ = {
			isa = PBXGroup;
			children = (
				5FBDCCA524A260CC003C5FDA /* SplashVC.swift */,
				5FBDCCC724A351AE003C5FDA /* SearchVC.swift */,
				5FBDCCD824A39E3B003C5FDA /* DetailVC.swift */,
			);
			path = Controller;
			sourceTree = "<group>";
		};
		5FBDCCBC24A344BA003C5FDA /* View */ = {
			isa = PBXGroup;
			children = (
				5FBDCCDA24A39F96003C5FDA /* CreateTableView.swift */,
				5FBDCCE224A4A532003C5FDA /* BackgroundGradient.swift */,
			);
			path = View;
			sourceTree = "<group>";
		};
		5FBDCCBD24A344CA003C5FDA /* ViewModel */ = {
			isa = PBXGroup;
			children = (
				5FBDCCD224A36913003C5FDA /* MovieDetailVM.swift */,
				5FBDCCD424A36970003C5FDA /* ResponseVM.swift */,
			);
			path = ViewModel;
			sourceTree = "<group>";
		};
		5FBDCCBE24A344DA003C5FDA /* Model */ = {
			isa = PBXGroup;
			children = (
				5FBDCCC924A363B1003C5FDA /* ResponseModel.swift */,
				5FBDCCCC24A364BD003C5FDA /* Ratings.swift */,
				5FBDCCCE24A36564003C5FDA /* RequestModel.swift */,
			);
			path = Model;
			sourceTree = "<group>";
		};
		5FBDCCBF24A344DF003C5FDA /* Service */ = {
			isa = PBXGroup;
			children = (
				5FBDCCC324A3481B003C5FDA /* NetworkManager.swift */,
			);
			path = Service;
			sourceTree = "<group>";
		};
		5FBDCCC024A344E5003C5FDA /* Utility */ = {
			isa = PBXGroup;
			children = (
				5FBDCCC124A347C5003C5FDA /* Reach.swift */,
				5FBDCCD024A36812003C5FDA /* HelperFunctions.swift */,
				5FBDCCDE24A47C1C003C5FDA /* ActivityIndicatorHelper.swift */,
			);
			path = Utility;
			sourceTree = "<group>";
		};
/* End PBXGroup section */

/* Begin PBXNativeTarget section */
		5FBDCC9D24A260CC003C5FDA /* MovieApp */ = {
			isa = PBXNativeTarget;
			buildConfigurationList = 5FBDCCB524A260CE003C5FDA /* Build configuration list for PBXNativeTarget "MovieApp" */;
			buildPhases = (
				DDA886229A22905BF02A1758 /* [CP] Check Pods Manifest.lock */,
				5FBDCC9A24A260CC003C5FDA /* Sources */,
				5FBDCC9B24A260CC003C5FDA /* Frameworks */,
				5FBDCC9C24A260CC003C5FDA /* Resources */,
				D555DE36D44ACAE3072E85FD /* [CP] Embed Pods Frameworks */,
			);
			buildRules = (
			);
			dependencies = (
			);
			name = MovieApp;
			productName = MovieApp;
			productReference = 5FBDCC9E24A260CC003C5FDA /* MovieApp.app */;
			productType = "com.apple.product-type.application";
		};
/* End PBXNativeTarget section */

/* Begin PBXProject section */
		5FBDCC9624A260CC003C5FDA /* Project object */ = {
			isa = PBXProject;
			attributes = {
				LastSwiftUpdateCheck = 1130;
				LastUpgradeCheck = 1130;
				ORGANIZATIONNAME = Zeynebim;
				TargetAttributes = {
					5FBDCC9D24A260CC003C5FDA = {
						CreatedOnToolsVersion = 11.3.1;
					};
				};
			};
			buildConfigurationList = 5FBDCC9924A260CC003C5FDA /* Build configuration list for PBXProject "MovieApp" */;
			compatibilityVersion = "Xcode 9.3";
			developmentRegion = en;
			hasScannedForEncodings = 0;
			knownRegions = (
				en,
				Base,
			);
			mainGroup = 5FBDCC9524A260CC003C5FDA;
			productRefGroup = 5FBDCC9F24A260CC003C5FDA /* Products */;
			projectDirPath = "";
			projectRoot = "";
			targets = (
				5FBDCC9D24A260CC003C5FDA /* MovieApp */,
			);
		};
/* End PBXProject section */

/* Begin PBXResourcesBuildPhase section */
		5FBDCC9C24A260CC003C5FDA /* Resources */ = {
			isa = PBXResourcesBuildPhase;
			buildActionMask = 2147483647;
			files = (
				5FBDCCE124A4A183003C5FDA /* pinsoft.png in Resources */,
				5FBDCCB124A260CE003C5FDA /* LaunchScreen.storyboard in Resources */,
				5FBDCCDD24A3DC9D003C5FDA /* GoogleService-Info.plist in Resources */,
				5FBDCCAE24A260CE003C5FDA /* Assets.xcassets in Resources */,
				5FBDCCA924A260CC003C5FDA /* Main.storyboard in Resources */,
			);
			runOnlyForDeploymentPostprocessing = 0;
		};
/* End PBXResourcesBuildPhase section */

/* Begin PBXShellScriptBuildPhase section */
		D555DE36D44ACAE3072E85FD /* [CP] Embed Pods Frameworks */ = {
			isa = PBXShellScriptBuildPhase;
			buildActionMask = 2147483647;
			files = (
			);
			inputFileListPaths = (
				"${PODS_ROOT}/Target Support Files/Pods-MovieApp/Pods-MovieApp-frameworks-${CONFIGURATION}-input-files.xcfilelist",
			);
			name = "[CP] Embed Pods Frameworks";
			outputFileListPaths = (
				"${PODS_ROOT}/Target Support Files/Pods-MovieApp/Pods-MovieApp-frameworks-${CONFIGURATION}-output-files.xcfilelist",
			);
			runOnlyForDeploymentPostprocessing = 0;
			shellPath = /bin/sh;
			shellScript = "\"${PODS_ROOT}/Target Support Files/Pods-MovieApp/Pods-MovieApp-frameworks.sh\"\n";
			showEnvVarsInLog = 0;
		};
		DDA886229A22905BF02A1758 /* [CP] Check Pods Manifest.lock */ = {
			isa = PBXShellScriptBuildPhase;
			buildActionMask = 2147483647;
			files = (
			);
			inputFileListPaths = (
			);
			inputPaths = (
				"${PODS_PODFILE_DIR_PATH}/Podfile.lock",
				"${PODS_ROOT}/Manifest.lock",
			);
			name = "[CP] Check Pods Manifest.lock";
			outputFileListPaths = (
			);
			outputPaths = (
				"$(DERIVED_FILE_DIR)/Pods-MovieApp-checkManifestLockResult.txt",
			);
			runOnlyForDeploymentPostprocessing = 0;
			shellPath = /bin/sh;
			shellScript = "diff \"${PODS_PODFILE_DIR_PATH}/Podfile.lock\" \"${PODS_ROOT}/Manifest.lock\" > /dev/null\nif [ $? != 0 ] ; then\n    # print error to STDERR\n    echo \"error: The sandbox is not in sync with the Podfile.lock. Run 'pod install' or update your CocoaPods installation.\" >&2\n    exit 1\nfi\n# This output is used by Xcode 'outputs' to avoid re-running this script phase.\necho \"SUCCESS\" > \"${SCRIPT_OUTPUT_FILE_0}\"\n";
			showEnvVarsInLog = 0;
		};
/* End PBXShellScriptBuildPhase section */

/* Begin PBXSourcesBuildPhase section */
		5FBDCC9A24A260CC003C5FDA /* Sources */ = {
			isa = PBXSourcesBuildPhase;
			buildActionMask = 2147483647;
			files = (
				5FBDCCC424A3481B003C5FDA /* NetworkManager.swift in Sources */,
				5FBDCCCA24A363B1003C5FDA /* ResponseModel.swift in Sources */,
				5FBDCCA624A260CC003C5FDA /* SplashVC.swift in Sources */,
				5FBDCCA224A260CC003C5FDA /* AppDelegate.swift in Sources */,
				5FBDCCC224A347C5003C5FDA /* Reach.swift in Sources */,
				5FBDCCD924A39E3B003C5FDA /* DetailVC.swift in Sources */,
				5FBDCCD124A36812003C5FDA /* HelperFunctions.swift in Sources */,
				5FBDCCDB24A39F96003C5FDA /* CreateTableView.swift in Sources */,
				5FBDCCC624A350B8003C5FDA /* AppConstants.swift in Sources */,
				5FBDCCD524A36970003C5FDA /* ResponseVM.swift in Sources */,
				5FBDCCC824A351AE003C5FDA /* SearchVC.swift in Sources */,
				5FBDCCE324A4A532003C5FDA /* BackgroundGradient.swift in Sources */,
				5FBDCCCF24A36564003C5FDA /* RequestModel.swift in Sources */,
				5FBDCCAC24A260CC003C5FDA /* MovieApp.xcdatamodeld in Sources */,
				5FBDCCD324A36913003C5FDA /* MovieDetailVM.swift in Sources */,
				5FBDCCDF24A47C1C003C5FDA /* ActivityIndicatorHelper.swift in Sources */,
				5FBDCCCD24A364BD003C5FDA /* Ratings.swift in Sources */,
				5FBDCCA424A260CC003C5FDA /* SceneDelegate.swift in Sources */,
			);
			runOnlyForDeploymentPostprocessing = 0;
		};
/* End PBXSourcesBuildPhase section */

/* Begin PBXVariantGroup section */
		5FBDCCA724A260CC003C5FDA /* Main.storyboard */ = {
			isa = PBXVariantGroup;
			children = (
				5FBDCCA824A260CC003C5FDA /* Base */,
			);
			name = Main.storyboard;
			sourceTree = "<group>";
		};
		5FBDCCAF24A260CE003C5FDA /* LaunchScreen.storyboard */ = {
			isa = PBXVariantGroup;
			children = (
				5FBDCCB024A260CE003C5FDA /* Base */,
			);
			name = LaunchScreen.storyboard;
			sourceTree = "<group>";
		};
/* End PBXVariantGroup section */

/* Begin XCBuildConfiguration section */
		5FBDCCB324A260CE003C5FDA /* Debug */ = {
			isa = XCBuildConfiguration;
			buildSettings = {
				ALWAYS_SEARCH_USER_PATHS = NO;
				CLANG_ANALYZER_NONNULL = YES;
				CLANG_ANALYZER_NUMBER_OBJECT_CONVERSION = YES_AGGRESSIVE;
				CLANG_CXX_LANGUAGE_STANDARD = "gnu++14";
				CLANG_CXX_LIBRARY = "libc++";
				CLANG_ENABLE_MODULES = YES;
				CLANG_ENABLE_OBJC_ARC = YES;
				CLANG_ENABLE_OBJC_WEAK = YES;
				CLANG_WARN_BLOCK_CAPTURE_AUTORELEASING = YES;
				CLANG_WARN_BOOL_CONVERSION = YES;
				CLANG_WARN_COMMA = YES;
				CLANG_WARN_CONSTANT_CONVERSION = YES;
				CLANG_WARN_DEPRECATED_OBJC_IMPLEMENTATIONS = YES;
				CLANG_WARN_DIRECT_OBJC_ISA_USAGE = YES_ERROR;
				CLANG_WARN_DOCUMENTATION_COMMENTS = YES;
				CLANG_WARN_EMPTY_BODY = YES;
				CLANG_WARN_ENUM_CONVERSION = YES;
				CLANG_WARN_INFINITE_RECURSION = YES;
				CLANG_WARN_INT_CONVERSION = YES;
				CLANG_WARN_NON_LITERAL_NULL_CONVERSION = YES;
				CLANG_WARN_OBJC_IMPLICIT_RETAIN_SELF = YES;
				CLANG_WARN_OBJC_LITERAL_CONVERSION = YES;
				CLANG_WARN_OBJC_ROOT_CLASS = YES_ERROR;
				CLANG_WARN_RANGE_LOOP_ANALYSIS = YES;
				CLANG_WARN_STRICT_PROTOTYPES = YES;
				CLANG_WARN_SUSPICIOUS_MOVE = YES;
				CLANG_WARN_UNGUARDED_AVAILABILITY = YES_AGGRESSIVE;
				CLANG_WARN_UNREACHABLE_CODE = YES;
				CLANG_WARN__DUPLICATE_METHOD_MATCH = YES;
				COPY_PHASE_STRIP = NO;
				DEBUG_INFORMATION_FORMAT = dwarf;
				ENABLE_STRICT_OBJC_MSGSEND = YES;
				ENABLE_TESTABILITY = YES;
				GCC_C_LANGUAGE_STANDARD = gnu11;
				GCC_DYNAMIC_NO_PIC = NO;
				GCC_NO_COMMON_BLOCKS = YES;
				GCC_OPTIMIZATION_LEVEL = 0;
				GCC_PREPROCESSOR_DEFINITIONS = (
					"DEBUG=1",
					"$(inherited)",
				);
				GCC_WARN_64_TO_32_BIT_CONVERSION = YES;
				GCC_WARN_ABOUT_RETURN_TYPE = YES_ERROR;
				GCC_WARN_UNDECLARED_SELECTOR = YES;
				GCC_WARN_UNINITIALIZED_AUTOS = YES_AGGRESSIVE;
				GCC_WARN_UNUSED_FUNCTION = YES;
				GCC_WARN_UNUSED_VARIABLE = YES;
				IPHONEOS_DEPLOYMENT_TARGET = 13.2;
				MTL_ENABLE_DEBUG_INFO = INCLUDE_SOURCE;
				MTL_FAST_MATH = YES;
				ONLY_ACTIVE_ARCH = YES;
				SDKROOT = iphoneos;
				SWIFT_ACTIVE_COMPILATION_CONDITIONS = DEBUG;
				SWIFT_OPTIMIZATION_LEVEL = "-Onone";
			};
			name = Debug;
		};
		5FBDCCB424A260CE003C5FDA /* Release */ = {
			isa = XCBuildConfiguration;
			buildSettings = {
				ALWAYS_SEARCH_USER_PATHS = NO;
				CLANG_ANALYZER_NONNULL = YES;
				CLANG_ANALYZER_NUMBER_OBJECT_CONVERSION = YES_AGGRESSIVE;
				CLANG_CXX_LANGUAGE_STANDARD = "gnu++14";
				CLANG_CXX_LIBRARY = "libc++";
				CLANG_ENABLE_MODULES = YES;
				CLANG_ENABLE_OBJC_ARC = YES;
				CLANG_ENABLE_OBJC_WEAK = YES;
				CLANG_WARN_BLOCK_CAPTURE_AUTORELEASING = YES;
				CLANG_WARN_BOOL_CONVERSION = YES;
				CLANG_WARN_COMMA = YES;
				CLANG_WARN_CONSTANT_CONVERSION = YES;
				CLANG_WARN_DEPRECATED_OBJC_IMPLEMENTATIONS = YES;
				CLANG_WARN_DIRECT_OBJC_ISA_USAGE = YES_ERROR;
				CLANG_WARN_DOCUMENTATION_COMMENTS = YES;
				CLANG_WARN_EMPTY_BODY = YES;
				CLANG_WARN_ENUM_CONVERSION = YES;
				CLANG_WARN_INFINITE_RECURSION = YES;
				CLANG_WARN_INT_CONVERSION = YES;
				CLANG_WARN_NON_LITERAL_NULL_CONVERSION = YES;
				CLANG_WARN_OBJC_IMPLICIT_RETAIN_SELF = YES;
				CLANG_WARN_OBJC_LITERAL_CONVERSION = YES;
				CLANG_WARN_OBJC_ROOT_CLASS = YES_ERROR;
				CLANG_WARN_RANGE_LOOP_ANALYSIS = YES;
				CLANG_WARN_STRICT_PROTOTYPES = YES;
				CLANG_WARN_SUSPICIOUS_MOVE = YES;
				CLANG_WARN_UNGUARDED_AVAILABILITY = YES_AGGRESSIVE;
				CLANG_WARN_UNREACHABLE_CODE = YES;
				CLANG_WARN__DUPLICATE_METHOD_MATCH = YES;
				COPY_PHASE_STRIP = NO;
				DEBUG_INFORMATION_FORMAT = "dwarf-with-dsym";
				ENABLE_NS_ASSERTIONS = NO;
				ENABLE_STRICT_OBJC_MSGSEND = YES;
				GCC_C_LANGUAGE_STANDARD = gnu11;
				GCC_NO_COMMON_BLOCKS = YES;
				GCC_WARN_64_TO_32_BIT_CONVERSION = YES;
				GCC_WARN_ABOUT_RETURN_TYPE = YES_ERROR;
				GCC_WARN_UNDECLARED_SELECTOR = YES;
				GCC_WARN_UNINITIALIZED_AUTOS = YES_AGGRESSIVE;
				GCC_WARN_UNUSED_FUNCTION = YES;
				GCC_WARN_UNUSED_VARIABLE = YES;
				IPHONEOS_DEPLOYMENT_TARGET = 13.2;
				MTL_ENABLE_DEBUG_INFO = NO;
				MTL_FAST_MATH = YES;
				SDKROOT = iphoneos;
				SWIFT_COMPILATION_MODE = wholemodule;
				SWIFT_OPTIMIZATION_LEVEL = "-O";
				VALIDATE_PRODUCT = YES;
			};
			name = Release;
		};
		5FBDCCB624A260CE003C5FDA /* Debug */ = {
			isa = XCBuildConfiguration;
			baseConfigurationReference = E701925C450D163FC345D7CC /* Pods-MovieApp.debug.xcconfig */;
			buildSettings = {
				ASSETCATALOG_COMPILER_APPICON_NAME = AppIcon;
				CODE_SIGN_STYLE = Automatic;
				DEVELOPMENT_TEAM = F966A2BH3H;
				INFOPLIST_FILE = MovieApp/Info.plist;
				LD_RUNPATH_SEARCH_PATHS = (
					"$(inherited)",
					"@executable_path/Frameworks",
				);
				PRODUCT_BUNDLE_IDENTIFIER = dzeynept.MovieApp;
				PRODUCT_NAME = "$(TARGET_NAME)";
				SWIFT_VERSION = 5.0;
				TARGETED_DEVICE_FAMILY = "1,2";
			};
			name = Debug;
		};
		5FBDCCB724A260CE003C5FDA /* Release */ = {
			isa = XCBuildConfiguration;
			baseConfigurationReference = 60A434DB96FB0243ED54CFC1 /* Pods-MovieApp.release.xcconfig */;
			buildSettings = {
				ASSETCATALOG_COMPILER_APPICON_NAME = AppIcon;
				CODE_SIGN_STYLE = Automatic;
				DEVELOPMENT_TEAM = F966A2BH3H;
				INFOPLIST_FILE = MovieApp/Info.plist;
				LD_RUNPATH_SEARCH_PATHS = (
					"$(inherited)",
					"@executable_path/Frameworks",
				);
				PRODUCT_BUNDLE_IDENTIFIER = dzeynept.MovieApp;
				PRODUCT_NAME = "$(TARGET_NAME)";
				SWIFT_VERSION = 5.0;
				TARGETED_DEVICE_FAMILY = "1,2";
			};
			name = Release;
		};
/* End XCBuildConfiguration section */

/* Begin XCConfigurationList section */
		5FBDCC9924A260CC003C5FDA /* Build configuration list for PBXProject "MovieApp" */ = {
			isa = XCConfigurationList;
			buildConfigurations = (
				5FBDCCB324A260CE003C5FDA /* Debug */,
				5FBDCCB424A260CE003C5FDA /* Release */,
			);
			defaultConfigurationIsVisible = 0;
			defaultConfigurationName = Release;
		};
		5FBDCCB524A260CE003C5FDA /* Build configuration list for PBXNativeTarget "MovieApp" */ = {
			isa = XCConfigurationList;
			buildConfigurations = (
				5FBDCCB624A260CE003C5FDA /* Debug */,
				5FBDCCB724A260CE003C5FDA /* Release */,
			);
			defaultConfigurationIsVisible = 0;
			defaultConfigurationName = Release;
		};
/* End XCConfigurationList section */

/* Begin XCVersionGroup section */
		5FBDCCAA24A260CC003C5FDA /* MovieApp.xcdatamodeld */ = {
			isa = XCVersionGroup;
			children = (
				5FBDCCAB24A260CC003C5FDA /* MovieApp.xcdatamodel */,
			);
			currentVersion = 5FBDCCAB24A260CC003C5FDA /* MovieApp.xcdatamodel */;
			path = MovieApp.xcdatamodeld;
			sourceTree = "<group>";
			versionGroupType = wrapper.xcdatamodel;
		};
/* End XCVersionGroup section */
	};
	rootObject = 5FBDCC9624A260CC003C5FDA /* Project object */;
}
